// !$*UTF8*$!
{
	archiveVersion = 1;
	classes = {
	};
	objectVersion = 77;
	objects = {

/* Begin PBXBuildFile section */
		E535A1B02EA74A5B0073B7A1 /* FirebaseAnalytics in Frameworks */ = {isa = PBXBuildFile; productRef = E535A1AF2EA74A5B0073B7A1 /* FirebaseAnalytics */; };
		E535A1B22EA80BFB0073B7A1 /* FirebaseAuth in Frameworks */ = {isa = PBXBuildFile; productRef = E535A1B12EA80BFB0073B7A1 /* FirebaseAuth */; };
		E535A1B42EA80BFB0073B7A1 /* FirebaseFirestore in Frameworks */ = {isa = PBXBuildFile; productRef = E535A1B32EA80BFB0073B7A1 /* FirebaseFirestore */; };
		E535A1B62EA80BFB0073B7A1 /* FirebaseMessaging in Frameworks */ = {isa = PBXBuildFile; productRef = E535A1B52EA80BFB0073B7A1 /* FirebaseMessaging */; };
		E535A1B82EA80BFB0073B7A1 /* FirebaseStorage in Frameworks */ = {isa = PBXBuildFile; productRef = E535A1B72EA80BFB0073B7A1 /* FirebaseStorage */; };
		E5E9E3C52EA821C800C44972 /* GoogleSignIn in Frameworks */ = {isa = PBXBuildFile; productRef = E5E9E3C42EA821C800C44972 /* GoogleSignIn */; };
		E5E9E3C72EA821C800C44972 /* GoogleSignInSwift in Frameworks */ = {isa = PBXBuildFile; productRef = E5E9E3C62EA821C800C44972 /* GoogleSignInSwift */; };
		E5F0A0FD2ED11C1000A9C9F0 /* FirebaseFunctions in Frameworks */ = {isa = PBXBuildFile; productRef = E5F0A0FC2ED11C1000A9C9F0 /* FirebaseFunctions */; };
/* End PBXBuildFile section */

/* Begin PBXContainerItemProxy section */
		E5E9E3D52EA8287B00C44972 /* PBXContainerItemProxy */ = {
			isa = PBXContainerItemProxy;
			containerPortal = E53E49E72EA73F4A00C4CCEF /* Project object */;
			proxyType = 1;
			remoteGlobalIDString = E53E49EE2EA73F4A00C4CCEF;
			remoteInfo = MessageAI;
		};
/* End PBXContainerItemProxy section */

/* Begin PBXFileReference section */
		E53E49EF2EA73F4A00C4CCEF /* MessageAI.app */ = {isa = PBXFileReference; explicitFileType = wrapper.application; includeInIndex = 0; path = MessageAI.app; sourceTree = BUILT_PRODUCTS_DIR; };
		E5E9E3D12EA8287B00C44972 /* MessageAITests.xctest */ = {isa = PBXFileReference; explicitFileType = wrapper.cfbundle; includeInIndex = 0; path = MessageAITests.xctest; sourceTree = BUILT_PRODUCTS_DIR; };
		E5F0A1032ED11CF900A9C9F0 /* AIService.swift */ = {isa = PBXFileReference; lastKnownFileType = sourcecode.swift; path = AIService.swift; sourceTree = "<group>"; };
		E5F0A1052ED11D6400A9C9F0 /* AIServiceTests.swift */ = {isa = PBXFileReference; lastKnownFileType = sourcecode.swift; path = AIServiceTests.swift; sourceTree = "<group>"; };
/* End PBXFileReference section */

/* Begin PBXFileSystemSynchronizedBuildFileExceptionSet section */
		E52DD8442EA840E200004ACD /* Exceptions for "MessageAI" folder in "MessageAI" target */ = {
			isa = PBXFileSystemSynchronizedBuildFileExceptionSet;
			membershipExceptions = (
				Info.plist,
			);
			target = E53E49EE2EA73F4A00C4CCEF /* MessageAI */;
		};
/* End PBXFileSystemSynchronizedBuildFileExceptionSet section */

/* Begin PBXFileSystemSynchronizedRootGroup section */
		E53E49F12EA73F4A00C4CCEF /* MessageAI */ = {
			isa = PBXFileSystemSynchronizedRootGroup;
			exceptions = (
				E52DD8442EA840E200004ACD /* Exceptions for "MessageAI" folder in "MessageAI" target */,
			);
			path = MessageAI;
			sourceTree = "<group>";
		};
		E5E9E3D22EA8287B00C44972 /* MessageAITests */ = {
			isa = PBXFileSystemSynchronizedRootGroup;
			path = MessageAITests;
			sourceTree = "<group>";
		};
/* End PBXFileSystemSynchronizedRootGroup section */

/* Begin PBXFrameworksBuildPhase section */
		E53E49EC2EA73F4A00C4CCEF /* Frameworks */ = {
			isa = PBXFrameworksBuildPhase;
			buildActionMask = 2147483647;
			files = (
				E5F0A0FD2ED11C1000A9C9F0 /* FirebaseFunctions in Frameworks */,
				E535A1B62EA80BFB0073B7A1 /* FirebaseMessaging in Frameworks */,
				E535A1B02EA74A5B0073B7A1 /* FirebaseAnalytics in Frameworks */,
				E5E9E3C72EA821C800C44972 /* GoogleSignInSwift in Frameworks */,
				E535A1B22EA80BFB0073B7A1 /* FirebaseAuth in Frameworks */,
				E535A1B82EA80BFB0073B7A1 /* FirebaseStorage in Frameworks */,
				E535A1B42EA80BFB0073B7A1 /* FirebaseFirestore in Frameworks */,
				E5E9E3C52EA821C800C44972 /* GoogleSignIn in Frameworks */,
			);
			runOnlyForDeploymentPostprocessing = 0;
		};
		E5E9E3CE2EA8287B00C44972 /* Frameworks */ = {
			isa = PBXFrameworksBuildPhase;
			buildActionMask = 2147483647;
			files = (
			);
			runOnlyForDeploymentPostprocessing = 0;
		};
/* End PBXFrameworksBuildPhase section */

/* Begin PBXGroup section */
		E53E49E62EA73F4A00C4CCEF = {
			isa = PBXGroup;
			children = (
				E53E49F12EA73F4A00C4CCEF /* MessageAI */,
				E5E9E3D22EA8287B00C44972 /* MessageAITests */,
				E53E49F02EA73F4A00C4CCEF /* Products */,
			);
			sourceTree = "<group>";
		};
		E53E49F02EA73F4A00C4CCEF /* Products */ = {
			isa = PBXGroup;
			children = (
				E53E49EF2EA73F4A00C4CCEF /* MessageAI.app */,
				E5E9E3D12EA8287B00C44972 /* MessageAITests.xctest */,
			);
			name = Products;
			sourceTree = "<group>";
		};
/* End PBXGroup section */

/* Begin PBXNativeTarget section */
		E53E49EE2EA73F4A00C4CCEF /* MessageAI */ = {
			isa = PBXNativeTarget;
			buildConfigurationList = E53E49FA2EA73F4D00C4CCEF /* Build configuration list for PBXNativeTarget "MessageAI" */;
			buildPhases = (
				E53E49EB2EA73F4A00C4CCEF /* Sources */,
				E53E49EC2EA73F4A00C4CCEF /* Frameworks */,
				E53E49ED2EA73F4A00C4CCEF /* Resources */,
			);
			buildRules = (
			);
			dependencies = (
			);
			fileSystemSynchronizedGroups = (
				E53E49F12EA73F4A00C4CCEF /* MessageAI */,
			);
			name = MessageAI;
			packageProductDependencies = (
				E535A1AF2EA74A5B0073B7A1 /* FirebaseAnalytics */,
				E535A1B12EA80BFB0073B7A1 /* FirebaseAuth */,
				E535A1B32EA80BFB0073B7A1 /* FirebaseFirestore */,
				E535A1B52EA80BFB0073B7A1 /* FirebaseMessaging */,
				E535A1B72EA80BFB0073B7A1 /* FirebaseStorage */,
				E5F0A0FC2ED11C1000A9C9F0 /* FirebaseFunctions */,
				E5E9E3C42EA821C800C44972 /* GoogleSignIn */,
				E5E9E3C62EA821C800C44972 /* GoogleSignInSwift */,
			);
			productName = MessageAI;
			productReference = E53E49EF2EA73F4A00C4CCEF /* MessageAI.app */;
			productType = "com.apple.product-type.application";
		};
		E5E9E3D02EA8287B00C44972 /* MessageAITests */ = {
			isa = PBXNativeTarget;
			buildConfigurationList = E5E9E3D72EA8287B00C44972 /* Build configuration list for PBXNativeTarget "MessageAITests" */;
			buildPhases = (
				E5E9E3CD2EA8287B00C44972 /* Sources */,
				E5E9E3CE2EA8287B00C44972 /* Frameworks */,
				E5E9E3CF2EA8287B00C44972 /* Resources */,
			);
			buildRules = (
			);
			dependencies = (
				E5E9E3D62EA8287B00C44972 /* PBXTargetDependency */,
			);
			fileSystemSynchronizedGroups = (
				E5E9E3D22EA8287B00C44972 /* MessageAITests */,
			);
			name = MessageAITests;
			packageProductDependencies = (
			);
			productName = MessageAITests;
			productReference = E5E9E3D12EA8287B00C44972 /* MessageAITests.xctest */;
			productType = "com.apple.product-type.bundle.unit-test";
		};
/* End PBXNativeTarget section */

/* Begin PBXProject section */
		E53E49E72EA73F4A00C4CCEF /* Project object */ = {
			isa = PBXProject;
			attributes = {
				BuildIndependentTargetsInParallel = 1;
				LastSwiftUpdateCheck = 2600;
				LastUpgradeCheck = 2600;
				TargetAttributes = {
					E53E49EE2EA73F4A00C4CCEF = {
						CreatedOnToolsVersion = 26.0.1;
					};
					E5E9E3D02EA8287B00C44972 = {
						CreatedOnToolsVersion = 26.0.1;
						TestTargetID = E53E49EE2EA73F4A00C4CCEF;
					};
				};
			};
			buildConfigurationList = E53E49EA2EA73F4A00C4CCEF /* Build configuration list for PBXProject "MessageAI" */;
			developmentRegion = en;
			hasScannedForEncodings = 0;
			knownRegions = (
				en,
				Base,
			);
			mainGroup = E53E49E62EA73F4A00C4CCEF;
			minimizedProjectReferenceProxies = 1;
			packageReferences = (
				E535A1AE2EA74A5B0073B7A1 /* XCRemoteSwiftPackageReference "firebase-ios-sdk" */,
				E5E9E3C32EA821C800C44972 /* XCRemoteSwiftPackageReference "GoogleSignIn-iOS" */,
			);
			preferredProjectObjectVersion = 77;
			productRefGroup = E53E49F02EA73F4A00C4CCEF /* Products */;
			projectDirPath = "";
			projectRoot = "";
			targets = (
				E53E49EE2EA73F4A00C4CCEF /* MessageAI */,
				E5E9E3D02EA8287B00C44972 /* MessageAITests */,
			);
		};
/* End PBXProject section */

/* Begin PBXResourcesBuildPhase section */
		E53E49ED2EA73F4A00C4CCEF /* Resources */ = {
			isa = PBXResourcesBuildPhase;
			buildActionMask = 2147483647;
			files = (
			);
			runOnlyForDeploymentPostprocessing = 0;
		};
		E5E9E3CF2EA8287B00C44972 /* Resources */ = {
			isa = PBXResourcesBuildPhase;
			buildActionMask = 2147483647;
			files = (
			);
			runOnlyForDeploymentPostprocessing = 0;
		};
/* End PBXResourcesBuildPhase section */

/* Begin PBXSourcesBuildPhase section */
		E53E49EB2EA73F4A00C4CCEF /* Sources */ = {
			isa = PBXSourcesBuildPhase;
			buildActionMask = 2147483647;
			files = (
			);
			runOnlyForDeploymentPostprocessing = 0;
		};
		E5E9E3CD2EA8287B00C44972 /* Sources */ = {
			isa = PBXSourcesBuildPhase;
			buildActionMask = 2147483647;
			files = (
			);
			runOnlyForDeploymentPostprocessing = 0;
		};
/* End PBXSourcesBuildPhase section */

/* Begin PBXTargetDependency section */
		E5E9E3D62EA8287B00C44972 /* PBXTargetDependency */ = {
			isa = PBXTargetDependency;
			target = E53E49EE2EA73F4A00C4CCEF /* MessageAI */;
			targetProxy = E5E9E3D52EA8287B00C44972 /* PBXContainerItemProxy */;
		};
/* End PBXTargetDependency section */

/* Begin XCBuildConfiguration section */
		E53E49F82EA73F4D00C4CCEF /* Debug */ = {
			isa = XCBuildConfiguration;
			buildSettings = {
				ALWAYS_SEARCH_USER_PATHS = NO;
				ASSETCATALOG_COMPILER_GENERATE_SWIFT_ASSET_SYMBOL_EXTENSIONS = YES;
				CLANG_ANALYZER_NONNULL = YES;
				CLANG_ANALYZER_NUMBER_OBJECT_CONVERSION = YES_AGGRESSIVE;
				CLANG_CXX_LANGUAGE_STANDARD = "gnu++20";
				CLANG_ENABLE_MODULES = YES;
				CLANG_ENABLE_OBJC_ARC = YES;
				CLANG_ENABLE_OBJC_WEAK = YES;
				CLANG_WARN_BLOCK_CAPTURE_AUTORELEASING = YES;
				CLANG_WARN_BOOL_CONVERSION = YES;
				CLANG_WARN_COMMA = YES;
				CLANG_WARN_CONSTANT_CONVERSION = YES;
				CLANG_WARN_DEPRECATED_OBJC_IMPLEMENTATIONS = YES;
				CLANG_WARN_DIRECT_OBJC_ISA_USAGE = YES_ERROR;
				CLANG_WARN_DOCUMENTATION_COMMENTS = YES;
				CLANG_WARN_EMPTY_BODY = YES;
				CLANG_WARN_ENUM_CONVERSION = YES;
				CLANG_WARN_INFINITE_RECURSION = YES;
				CLANG_WARN_INT_CONVERSION = YES;
				CLANG_WARN_NON_LITERAL_NULL_CONVERSION = YES;
				CLANG_WARN_OBJC_IMPLICIT_RETAIN_SELF = YES;
				CLANG_WARN_OBJC_LITERAL_CONVERSION = YES;
				CLANG_WARN_OBJC_ROOT_CLASS = YES_ERROR;
				CLANG_WARN_QUOTED_INCLUDE_IN_FRAMEWORK_HEADER = YES;
				CLANG_WARN_RANGE_LOOP_ANALYSIS = YES;
				CLANG_WARN_STRICT_PROTOTYPES = YES;
				CLANG_WARN_SUSPICIOUS_MOVE = YES;
				CLANG_WARN_UNGUARDED_AVAILABILITY = YES_AGGRESSIVE;
				CLANG_WARN_UNREACHABLE_CODE = YES;
				CLANG_WARN__DUPLICATE_METHOD_MATCH = YES;
				COPY_PHASE_STRIP = NO;
				DEBUG_INFORMATION_FORMAT = dwarf;
				DEVELOPMENT_TEAM = 9ZHMMBUMWP;
				ENABLE_STRICT_OBJC_MSGSEND = YES;
				ENABLE_TESTABILITY = YES;
				ENABLE_USER_SCRIPT_SANDBOXING = YES;
				GCC_C_LANGUAGE_STANDARD = gnu17;
				GCC_DYNAMIC_NO_PIC = NO;
				GCC_NO_COMMON_BLOCKS = YES;
				GCC_OPTIMIZATION_LEVEL = 0;
				GCC_PREPROCESSOR_DEFINITIONS = (
					"DEBUG=1",
					"$(inherited)",
				);
				GCC_WARN_64_TO_32_BIT_CONVERSION = YES;
				GCC_WARN_ABOUT_RETURN_TYPE = YES_ERROR;
				GCC_WARN_UNDECLARED_SELECTOR = YES;
				GCC_WARN_UNINITIALIZED_AUTOS = YES_AGGRESSIVE;
				GCC_WARN_UNUSED_FUNCTION = YES;
				GCC_WARN_UNUSED_VARIABLE = YES;
				IPHONEOS_DEPLOYMENT_TARGET = 26.0;
				LOCALIZATION_PREFERS_STRING_CATALOGS = YES;
				MTL_ENABLE_DEBUG_INFO = INCLUDE_SOURCE;
				MTL_FAST_MATH = YES;
				ONLY_ACTIVE_ARCH = YES;
				SDKROOT = iphoneos;
				SWIFT_ACTIVE_COMPILATION_CONDITIONS = "DEBUG $(inherited)";
				SWIFT_OPTIMIZATION_LEVEL = "-Onone";
			};
			name = Debug;
		};
		E53E49F92EA73F4D00C4CCEF /* Release */ = {
			isa = XCBuildConfiguration;
			buildSettings = {
				ALWAYS_SEARCH_USER_PATHS = NO;
				ASSETCATALOG_COMPILER_GENERATE_SWIFT_ASSET_SYMBOL_EXTENSIONS = YES;
				CLANG_ANALYZER_NONNULL = YES;
				CLANG_ANALYZER_NUMBER_OBJECT_CONVERSION = YES_AGGRESSIVE;
				CLANG_CXX_LANGUAGE_STANDARD = "gnu++20";
				CLANG_ENABLE_MODULES = YES;
				CLANG_ENABLE_OBJC_ARC = YES;
				CLANG_ENABLE_OBJC_WEAK = YES;
				CLANG_WARN_BLOCK_CAPTURE_AUTORELEASING = YES;
				CLANG_WARN_BOOL_CONVERSION = YES;
				CLANG_WARN_COMMA = YES;
				CLANG_WARN_CONSTANT_CONVERSION = YES;
				CLANG_WARN_DEPRECATED_OBJC_IMPLEMENTATIONS = YES;
				CLANG_WARN_DIRECT_OBJC_ISA_USAGE = YES_ERROR;
				CLANG_WARN_DOCUMENTATION_COMMENTS = YES;
				CLANG_WARN_EMPTY_BODY = YES;
				CLANG_WARN_ENUM_CONVERSION = YES;
				CLANG_WARN_INFINITE_RECURSION = YES;
				CLANG_WARN_INT_CONVERSION = YES;
				CLANG_WARN_NON_LITERAL_NULL_CONVERSION = YES;
				CLANG_WARN_OBJC_IMPLICIT_RETAIN_SELF = YES;
				CLANG_WARN_OBJC_LITERAL_CONVERSION = YES;
				CLANG_WARN_OBJC_ROOT_CLASS = YES_ERROR;
				CLANG_WARN_QUOTED_INCLUDE_IN_FRAMEWORK_HEADER = YES;
				CLANG_WARN_RANGE_LOOP_ANALYSIS = YES;
				CLANG_WARN_STRICT_PROTOTYPES = YES;
				CLANG_WARN_SUSPICIOUS_MOVE = YES;
				CLANG_WARN_UNGUARDED_AVAILABILITY = YES_AGGRESSIVE;
				CLANG_WARN_UNREACHABLE_CODE = YES;
				CLANG_WARN__DUPLICATE_METHOD_MATCH = YES;
				COPY_PHASE_STRIP = NO;
				DEBUG_INFORMATION_FORMAT = "dwarf-with-dsym";
				DEVELOPMENT_TEAM = 9ZHMMBUMWP;
				ENABLE_NS_ASSERTIONS = NO;
				ENABLE_STRICT_OBJC_MSGSEND = YES;
				ENABLE_USER_SCRIPT_SANDBOXING = YES;
				GCC_C_LANGUAGE_STANDARD = gnu17;
				GCC_NO_COMMON_BLOCKS = YES;
				GCC_WARN_64_TO_32_BIT_CONVERSION = YES;
				GCC_WARN_ABOUT_RETURN_TYPE = YES_ERROR;
				GCC_WARN_UNDECLARED_SELECTOR = YES;
				GCC_WARN_UNINITIALIZED_AUTOS = YES_AGGRESSIVE;
				GCC_WARN_UNUSED_FUNCTION = YES;
				GCC_WARN_UNUSED_VARIABLE = YES;
				IPHONEOS_DEPLOYMENT_TARGET = 26.0;
				LOCALIZATION_PREFERS_STRING_CATALOGS = YES;
				MTL_ENABLE_DEBUG_INFO = NO;
				MTL_FAST_MATH = YES;
				SDKROOT = iphoneos;
				SWIFT_COMPILATION_MODE = wholemodule;
				VALIDATE_PRODUCT = YES;
			};
			name = Release;
		};
		E53E49FB2EA73F4D00C4CCEF /* Debug */ = {
			isa = XCBuildConfiguration;
			buildSettings = {
				ASSETCATALOG_COMPILER_APPICON_NAME = AppIcon;
				ASSETCATALOG_COMPILER_GLOBAL_ACCENT_COLOR_NAME = AccentColor;
				CODE_SIGN_ENTITLEMENTS = MessageAI/MessageAI.entitlements;
				CODE_SIGN_STYLE = Automatic;
				CURRENT_PROJECT_VERSION = 1;
				DEVELOPMENT_TEAM = 9ZHMMBUMWP;
				ENABLE_PREVIEWS = YES;
				GENERATE_INFOPLIST_FILE = YES;
				INFOPLIST_FILE = MessageAI/Info.plist;
				INFOPLIST_KEY_CFBundleURLTypes = "{\n    CFBundleTypeRole = Editor;\n    CFBundleURLSchemes =     (\n        \"com.googleusercontent.apps.1058420116345-ol6vt3lqss95bufibf7v657vk1piv06a\"\n    );\n}";
				INFOPLIST_KEY_LSApplicationQueriesSchemes = "com.googleusercontent.apps.1058420116345-ol6vt3lqss95bufibf7v657vk1piv06a googlechromes com.google.chrome.ios google";
				INFOPLIST_KEY_NSPhotoLibraryUsageDescription = "We use your photo library to let you choose a profile picture.";
				INFOPLIST_KEY_UIApplicationSceneManifest_Generation = YES;
				INFOPLIST_KEY_UIApplicationSupportsIndirectInputEvents = YES;
				INFOPLIST_KEY_UILaunchScreen_Generation = YES;
				INFOPLIST_KEY_UISupportedInterfaceOrientations_iPad = "UIInterfaceOrientationPortrait UIInterfaceOrientationPortraitUpsideDown UIInterfaceOrientationLandscapeLeft UIInterfaceOrientationLandscapeRight";
				INFOPLIST_KEY_UISupportedInterfaceOrientations_iPhone = "UIInterfaceOrientationPortrait UIInterfaceOrientationLandscapeLeft UIInterfaceOrientationLandscapeRight";
				LD_RUNPATH_SEARCH_PATHS = (
					"$(inherited)",
					"@executable_path/Frameworks",
				);
				MARKETING_VERSION = 1.0;
				PRODUCT_BUNDLE_IDENTIFIER = com.publicsphere.MessageAI;
				PRODUCT_NAME = "$(TARGET_NAME)";
				STRING_CATALOG_GENERATE_SYMBOLS = YES;
				SWIFT_APPROACHABLE_CONCURRENCY = YES;
				SWIFT_DEFAULT_ACTOR_ISOLATION = MainActor;
				SWIFT_EMIT_LOC_STRINGS = YES;
				SWIFT_UPCOMING_FEATURE_MEMBER_IMPORT_VISIBILITY = YES;
				SWIFT_VERSION = 5.0;
				TARGETED_DEVICE_FAMILY = "1,2";
			};
			name = Debug;
		};
		E53E49FC2EA73F4D00C4CCEF /* Release */ = {
			isa = XCBuildConfiguration;
			buildSettings = {
				ASSETCATALOG_COMPILER_APPICON_NAME = AppIcon;
				ASSETCATALOG_COMPILER_GLOBAL_ACCENT_COLOR_NAME = AccentColor;
				CODE_SIGN_ENTITLEMENTS = MessageAI/MessageAI.entitlements;
				CODE_SIGN_STYLE = Automatic;
				CURRENT_PROJECT_VERSION = 1;
				DEVELOPMENT_TEAM = 9ZHMMBUMWP;
				ENABLE_PREVIEWS = YES;
				GENERATE_INFOPLIST_FILE = YES;
				INFOPLIST_FILE = MessageAI/Info.plist;
				INFOPLIST_KEY_CFBundleURLTypes = "{\n    CFBundleTypeRole = Editor;\n    CFBundleURLSchemes =     (\n        \"com.googleusercontent.apps.1058420116345-ol6vt3lqss95bufibf7v657vk1piv06a\"\n    );\n}";
				INFOPLIST_KEY_LSApplicationQueriesSchemes = "com.googleusercontent.apps.1058420116345-ol6vt3lqss95bufibf7v657vk1piv06a googlechromes com.google.chrome.ios google";
				INFOPLIST_KEY_NSPhotoLibraryUsageDescription = "We use your photo library to let you choose a profile picture.";
				INFOPLIST_KEY_UIApplicationSceneManifest_Generation = YES;
				INFOPLIST_KEY_UIApplicationSupportsIndirectInputEvents = YES;
				INFOPLIST_KEY_UILaunchScreen_Generation = YES;
				INFOPLIST_KEY_UISupportedInterfaceOrientations_iPad = "UIInterfaceOrientationPortrait UIInterfaceOrientationPortraitUpsideDown UIInterfaceOrientationLandscapeLeft UIInterfaceOrientationLandscapeRight";
				INFOPLIST_KEY_UISupportedInterfaceOrientations_iPhone = "UIInterfaceOrientationPortrait UIInterfaceOrientationLandscapeLeft UIInterfaceOrientationLandscapeRight";
				LD_RUNPATH_SEARCH_PATHS = (
					"$(inherited)",
					"@executable_path/Frameworks",
				);
				MARKETING_VERSION = 1.0;
				PRODUCT_BUNDLE_IDENTIFIER = com.publicsphere.MessageAI;
				PRODUCT_NAME = "$(TARGET_NAME)";
				STRING_CATALOG_GENERATE_SYMBOLS = YES;
				SWIFT_APPROACHABLE_CONCURRENCY = YES;
				SWIFT_DEFAULT_ACTOR_ISOLATION = MainActor;
				SWIFT_EMIT_LOC_STRINGS = YES;
				SWIFT_UPCOMING_FEATURE_MEMBER_IMPORT_VISIBILITY = YES;
				SWIFT_VERSION = 5.0;
				TARGETED_DEVICE_FAMILY = "1,2";
			};
			name = Release;
		};
		E5E9E3D82EA8287B00C44972 /* Debug */ = {
			isa = XCBuildConfiguration;
			buildSettings = {
				BUNDLE_LOADER = "$(TEST_HOST)";
				CODE_SIGN_STYLE = Automatic;
				CURRENT_PROJECT_VERSION = 1;
				DEVELOPMENT_TEAM = 9ZHMMBUMWP;
				GENERATE_INFOPLIST_FILE = YES;
				IPHONEOS_DEPLOYMENT_TARGET = 26.0;
				MACOSX_DEPLOYMENT_TARGET = 15.6;
				MARKETING_VERSION = 1.0;
				PRODUCT_BUNDLE_IDENTIFIER = com.publicsphere.MessageAITests;
				PRODUCT_NAME = "$(TARGET_NAME)";
				SDKROOT = auto;
				STRING_CATALOG_GENERATE_SYMBOLS = NO;
				SUPPORTED_PLATFORMS = "iphoneos iphonesimulator macosx xros xrsimulator";
				SWIFT_APPROACHABLE_CONCURRENCY = YES;
				SWIFT_EMIT_LOC_STRINGS = NO;
				SWIFT_UPCOMING_FEATURE_MEMBER_IMPORT_VISIBILITY = YES;
				SWIFT_VERSION = 5.0;
				TARGETED_DEVICE_FAMILY = "1,2,7";
				TEST_HOST = "$(BUILT_PRODUCTS_DIR)/MessageAI.app/$(BUNDLE_EXECUTABLE_FOLDER_PATH)/MessageAI";
				XROS_DEPLOYMENT_TARGET = 26.0;
			};
			name = Debug;
		};
		E5E9E3D92EA8287B00C44972 /* Release */ = {
			isa = XCBuildConfiguration;
			buildSettings = {
				BUNDLE_LOADER = "$(TEST_HOST)";
				CODE_SIGN_STYLE = Automatic;
				CURRENT_PROJECT_VERSION = 1;
				DEVELOPMENT_TEAM = 9ZHMMBUMWP;
				GENERATE_INFOPLIST_FILE = YES;
				IPHONEOS_DEPLOYMENT_TARGET = 26.0;
				MACOSX_DEPLOYMENT_TARGET = 15.6;
				MARKETING_VERSION = 1.0;
				PRODUCT_BUNDLE_IDENTIFIER = com.publicsphere.MessageAITests;
				PRODUCT_NAME = "$(TARGET_NAME)";
				SDKROOT = auto;
				STRING_CATALOG_GENERATE_SYMBOLS = NO;
				SUPPORTED_PLATFORMS = "iphoneos iphonesimulator macosx xros xrsimulator";
				SWIFT_APPROACHABLE_CONCURRENCY = YES;
				SWIFT_EMIT_LOC_STRINGS = NO;
				SWIFT_UPCOMING_FEATURE_MEMBER_IMPORT_VISIBILITY = YES;
				SWIFT_VERSION = 5.0;
				TARGETED_DEVICE_FAMILY = "1,2,7";
				TEST_HOST = "$(BUILT_PRODUCTS_DIR)/MessageAI.app/$(BUNDLE_EXECUTABLE_FOLDER_PATH)/MessageAI";
				XROS_DEPLOYMENT_TARGET = 26.0;
			};
			name = Release;
		};
/* End XCBuildConfiguration section */

/* Begin XCConfigurationList section */
		E53E49EA2EA73F4A00C4CCEF /* Build configuration list for PBXProject "MessageAI" */ = {
			isa = XCConfigurationList;
			buildConfigurations = (
				E53E49F82EA73F4D00C4CCEF /* Debug */,
				E53E49F92EA73F4D00C4CCEF /* Release */,
			);
			defaultConfigurationIsVisible = 0;
			defaultConfigurationName = Release;
		};
		E53E49FA2EA73F4D00C4CCEF /* Build configuration list for PBXNativeTarget "MessageAI" */ = {
			isa = XCConfigurationList;
			buildConfigurations = (
				E53E49FB2EA73F4D00C4CCEF /* Debug */,
				E53E49FC2EA73F4D00C4CCEF /* Release */,
			);
			defaultConfigurationIsVisible = 0;
			defaultConfigurationName = Release;
		};
		E5E9E3D72EA8287B00C44972 /* Build configuration list for PBXNativeTarget "MessageAITests" */ = {
			isa = XCConfigurationList;
			buildConfigurations = (
				E5E9E3D82EA8287B00C44972 /* Debug */,
				E5E9E3D92EA8287B00C44972 /* Release */,
			);
			defaultConfigurationIsVisible = 0;
			defaultConfigurationName = Release;
		};
/* End XCConfigurationList section */

/* Begin XCRemoteSwiftPackageReference section */
		E535A1AE2EA74A5B0073B7A1 /* XCRemoteSwiftPackageReference "firebase-ios-sdk" */ = {
			isa = XCRemoteSwiftPackageReference;
			repositoryURL = "https://github.com/firebase/firebase-ios-sdk";
			requirement = {
				kind = upToNextMajorVersion;
				minimumVersion = 12.4.0;
			};
		};
		E5E9E3C32EA821C800C44972 /* XCRemoteSwiftPackageReference "GoogleSignIn-iOS" */ = {
			isa = XCRemoteSwiftPackageReference;
			repositoryURL = "https://github.com/google/GoogleSignIn-iOS";
			requirement = {
				kind = upToNextMajorVersion;
				minimumVersion = 9.0.0;
			};
		};
/* End XCRemoteSwiftPackageReference section */

/* Begin XCSwiftPackageProductDependency section */
		E535A1AF2EA74A5B0073B7A1 /* FirebaseAnalytics */ = {
			isa = XCSwiftPackageProductDependency;
			package = E535A1AE2EA74A5B0073B7A1 /* XCRemoteSwiftPackageReference "firebase-ios-sdk" */;
			productName = FirebaseAnalytics;
		};
		E535A1B12EA80BFB0073B7A1 /* FirebaseAuth */ = {
			isa = XCSwiftPackageProductDependency;
			package = E535A1AE2EA74A5B0073B7A1 /* XCRemoteSwiftPackageReference "firebase-ios-sdk" */;
			productName = FirebaseAuth;
		};
		E535A1B32EA80BFB0073B7A1 /* FirebaseFirestore */ = {
			isa = XCSwiftPackageProductDependency;
			package = E535A1AE2EA74A5B0073B7A1 /* XCRemoteSwiftPackageReference "firebase-ios-sdk" */;
			productName = FirebaseFirestore;
		};
		E535A1B52EA80BFB0073B7A1 /* FirebaseMessaging */ = {
			isa = XCSwiftPackageProductDependency;
			package = E535A1AE2EA74A5B0073B7A1 /* XCRemoteSwiftPackageReference "firebase-ios-sdk" */;
			productName = FirebaseMessaging;
		};
		E535A1B72EA80BFB0073B7A1 /* FirebaseStorage */ = {
			isa = XCSwiftPackageProductDependency;
			package = E535A1AE2EA74A5B0073B7A1 /* XCRemoteSwiftPackageReference "firebase-ios-sdk" */;
			productName = FirebaseStorage;
		};
		E5F0A0FC2ED11C1000A9C9F0 /* FirebaseFunctions */ = {
			isa = XCSwiftPackageProductDependency;
			package = E535A1AE2EA74A5B0073B7A1 /* XCRemoteSwiftPackageReference "firebase-ios-sdk" */;
			productName = FirebaseFunctions;
		};
		E5E9E3C42EA821C800C44972 /* GoogleSignIn */ = {
			isa = XCSwiftPackageProductDependency;
			package = E5E9E3C32EA821C800C44972 /* XCRemoteSwiftPackageReference "GoogleSignIn-iOS" */;
			productName = GoogleSignIn;
		};
		E5E9E3C62EA821C800C44972 /* GoogleSignInSwift */ = {
			isa = XCSwiftPackageProductDependency;
			package = E5E9E3C32EA821C800C44972 /* XCRemoteSwiftPackageReference "GoogleSignIn-iOS" */;
			productName = GoogleSignInSwift;
		};
/* End XCSwiftPackageProductDependency section */
	};
	rootObject = E53E49E72EA73F4A00C4CCEF /* Project object */;
}
